
Microsoft Visual Studio Solution File, Format Version 12.00
# Visual Studio Version 17
VisualStudioVersion = 17.0.31903.59
MinimumVisualStudioVersion = 10.0.40219.1
Project("{FAE04EC0-301F-11D3-BF4B-00C04F79EFBC}") = "Logger", "Logger\Logger.csproj", "{ED75477F-6225-4336-B210-5375ABEB3319}"
EndProject
Project("{FAE04EC0-301F-11D3-BF4B-00C04F79EFBC}") = "SanddataAdder", "SanddataAdder\SanddataAdder.csproj", "{BA4C4B5E-EF0F-4ADB-8526-527DCD89C216}"
EndProject
Global
	GlobalSection(SolutionConfigurationPlatforms) = preSolution
		Debug|Any CPU = Debug|Any CPU
		Release|Any CPU = Release|Any CPU
	EndGlobalSection
	GlobalSection(SolutionProperties) = preSolution
		HideSolutionNode = FALSE
	EndGlobalSection
	GlobalSection(ProjectConfigurationPlatforms) = postSolution
		{ED75477F-6225-4336-B210-5375ABEB3319}.Debug|Any CPU.ActiveCfg = Debug|Any CPU
		{ED75477F-6225-4336-B210-5375ABEB3319}.Debug|Any CPU.Build.0 = Debug|Any CPU
		{ED75477F-6225-4336-B210-5375ABEB3319}.Release|Any CPU.ActiveCfg = Release|Any CPU
		{ED75477F-6225-4336-B210-5375ABEB3319}.Release|Any CPU.Build.0 = Release|Any CPU
		{BA4C4B5E-EF0F-4ADB-8526-527DCD89C216}.Debug|Any CPU.ActiveCfg = Debug|Any CPU
		{BA4C4B5E-EF0F-4ADB-8526-527DCD89C216}.Debug|Any CPU.Build.0 = Debug|Any CPU
		{BA4C4B5E-EF0F-4ADB-8526-527DCD89C216}.Release|Any CPU.ActiveCfg = Release|Any CPU
		{BA4C4B5E-EF0F-4ADB-8526-527DCD89C216}.Release|Any CPU.Build.0 = Release|Any CPU
	EndGlobalSection
EndGlobal
